
Microsoft Visual Studio Solution File, Format Version 12.00
Project("{FAE04EC0-301F-11D3-BF4B-00C04F79EFBC}") = "CustodialWallet.Web", "CustodialWallet.Web\CustodialWallet.Web.csproj", "{34FBBAC9-B5EB-4A0F-AD55-B65950BD084E}"
EndProject
Project("{FAE04EC0-301F-11D3-BF4B-00C04F79EFBC}") = "CustodialWallet.Domain", "CustodialWallet.Domain\CustodialWallet.Domain.csproj", "{7BA0523F-36D7-43F7-ACB6-EADCCAF16426}"
EndProject
Project("{FAE04EC0-301F-11D3-BF4B-00C04F79EFBC}") = "CustodialWallet.Application", "CustodialWallet.Application\CustodialWallet.Application.csproj", "{6B7380C1-9029-4ACA-B14B-5F8700137418}"
EndProject
Project("{FAE04EC0-301F-11D3-BF4B-00C04F79EFBC}") = "CustodialWallet.Infrastructure", "CustodialWallet.Infrastructure\CustodialWallet.Infrastructure.csproj", "{1DD6E455-BC0C-421B-8FCE-B481A7E92782}"
EndProject
Project("{FAE04EC0-301F-11D3-BF4B-00C04F79EFBC}") = "CustodialWallets.UnitTests", "CustodialWallets.UnitTests\CustodialWallets.UnitTests.csproj", "{AA0E1B38-77D4-4FAD-A98B-E55112F45003}"
EndProject
Project("{2150E333-8FDC-42A3-9474-1A3956D46DE8}") = "src", "src", "{DFC73A49-CB67-401F-A683-588B8207B73F}"
EndProject
Project("{2150E333-8FDC-42A3-9474-1A3956D46DE8}") = "tests", "tests", "{AF2CB954-7925-44A4-9DA4-1F05EAF4D591}"
EndProject
Global
	GlobalSection(SolutionConfigurationPlatforms) = preSolution
		Debug|Any CPU = Debug|Any CPU
		Release|Any CPU = Release|Any CPU
	EndGlobalSection
	GlobalSection(ProjectConfigurationPlatforms) = postSolution
		{34FBBAC9-B5EB-4A0F-AD55-B65950BD084E}.Debug|Any CPU.ActiveCfg = Debug|Any CPU
		{34FBBAC9-B5EB-4A0F-AD55-B65950BD084E}.Debug|Any CPU.Build.0 = Debug|Any CPU
		{34FBBAC9-B5EB-4A0F-AD55-B65950BD084E}.Release|Any CPU.ActiveCfg = Release|Any CPU
		{34FBBAC9-B5EB-4A0F-AD55-B65950BD084E}.Release|Any CPU.Build.0 = Release|Any CPU
		{7BA0523F-36D7-43F7-ACB6-EADCCAF16426}.Debug|Any CPU.ActiveCfg = Debug|Any CPU
		{7BA0523F-36D7-43F7-ACB6-EADCCAF16426}.Debug|Any CPU.Build.0 = Debug|Any CPU
		{7BA0523F-36D7-43F7-ACB6-EADCCAF16426}.Release|Any CPU.ActiveCfg = Release|Any CPU
		{7BA0523F-36D7-43F7-ACB6-EADCCAF16426}.Release|Any CPU.Build.0 = Release|Any CPU
		{6B7380C1-9029-4ACA-B14B-5F8700137418}.Debug|Any CPU.ActiveCfg = Debug|Any CPU
		{6B7380C1-9029-4ACA-B14B-5F8700137418}.Debug|Any CPU.Build.0 = Debug|Any CPU
		{6B7380C1-9029-4ACA-B14B-5F8700137418}.Release|Any CPU.ActiveCfg = Release|Any CPU
		{6B7380C1-9029-4ACA-B14B-5F8700137418}.Release|Any CPU.Build.0 = Release|Any CPU
		{1DD6E455-BC0C-421B-8FCE-B481A7E92782}.Debug|Any CPU.ActiveCfg = Debug|Any CPU
		{1DD6E455-BC0C-421B-8FCE-B481A7E92782}.Debug|Any CPU.Build.0 = Debug|Any CPU
		{1DD6E455-BC0C-421B-8FCE-B481A7E92782}.Release|Any CPU.ActiveCfg = Release|Any CPU
		{1DD6E455-BC0C-421B-8FCE-B481A7E92782}.Release|Any CPU.Build.0 = Release|Any CPU
		{AA0E1B38-77D4-4FAD-A98B-E55112F45003}.Debug|Any CPU.ActiveCfg = Debug|Any CPU
		{AA0E1B38-77D4-4FAD-A98B-E55112F45003}.Debug|Any CPU.Build.0 = Debug|Any CPU
		{AA0E1B38-77D4-4FAD-A98B-E55112F45003}.Release|Any CPU.ActiveCfg = Release|Any CPU
		{AA0E1B38-77D4-4FAD-A98B-E55112F45003}.Release|Any CPU.Build.0 = Release|Any CPU
	EndGlobalSection
	GlobalSection(NestedProjects) = preSolution
		{6B7380C1-9029-4ACA-B14B-5F8700137418} = {DFC73A49-CB67-401F-A683-588B8207B73F}
		{7BA0523F-36D7-43F7-ACB6-EADCCAF16426} = {DFC73A49-CB67-401F-A683-588B8207B73F}
		{1DD6E455-BC0C-421B-8FCE-B481A7E92782} = {DFC73A49-CB67-401F-A683-588B8207B73F}
		{34FBBAC9-B5EB-4A0F-AD55-B65950BD084E} = {DFC73A49-CB67-401F-A683-588B8207B73F}
		{AA0E1B38-77D4-4FAD-A98B-E55112F45003} = {AF2CB954-7925-44A4-9DA4-1F05EAF4D591}
	EndGlobalSection
EndGlobal
